
Microsoft Visual Studio Solution File, Format Version 12.00
# Visual Studio Version 17
VisualStudioVersion = 17.3.32929.385
MinimumVisualStudioVersion = 10.0.40219.1
Project("{FAE04EC0-301F-11D3-BF4B-00C04F79EFBC}") = "sprint 16", "sprint 16.csproj", "{EE02BB6C-86B5-46C5-80A7-D8F07AF4FD00}"
EndProject
Global
	GlobalSection(SolutionConfigurationPlatforms) = preSolution
		Debug|Any CPU = Debug|Any CPU
		Release|Any CPU = Release|Any CPU
	EndGlobalSection
	GlobalSection(ProjectConfigurationPlatforms) = postSolution
		{EE02BB6C-86B5-46C5-80A7-D8F07AF4FD00}.Debug|Any CPU.ActiveCfg = Debug|Any CPU
		{EE02BB6C-86B5-46C5-80A7-D8F07AF4FD00}.Debug|Any CPU.Build.0 = Debug|Any CPU
		{EE02BB6C-86B5-46C5-80A7-D8F07AF4FD00}.Release|Any CPU.ActiveCfg = Release|Any CPU
		{EE02BB6C-86B5-46C5-80A7-D8F07AF4FD00}.Release|Any CPU.Build.0 = Release|Any CPU
	EndGlobalSection
	GlobalSection(SolutionProperties) = preSolution
		HideSolutionNode = FALSE
	EndGlobalSection
	GlobalSection(ExtensibilityGlobals) = postSolution
		SolutionGuid = {ED2B034F-6208-4A93-8F46-9283DC370B93}
	EndGlobalSection
EndGlobal
